
Microsoft Visual Studio Solution File, Format Version 12.00
# Visual Studio Version 17
VisualStudioVersion = 17.0.32014.148
MinimumVisualStudioVersion = 10.0.40219.1
Project("{FAE04EC0-301F-11D3-BF4B-00C04F79EFBC}") = "Catharsium.Math.Util", "Catharsium.Math.Util\Catharsium.Math.Util.csproj", "{1CABB828-ED4F-45F2-B15D-794A6D2AC46B}"
EndProject
Project("{FAE04EC0-301F-11D3-BF4B-00C04F79EFBC}") = "Catharsium.Math.Util.Tests", "Catharsium.Math.Util.Tests\Catharsium.Math.Util.Tests.csproj", "{34216D34-35BC-45CD-99C2-AD355FE16B66}"
EndProject
Project("{FAE04EC0-301F-11D3-BF4B-00C04F79EFBC}") = "Catharsium.Math.Geometry", "Catharsium.Math.Geometry\Catharsium.Math.Geometry.csproj", "{B6012633-943D-4A44-9F28-61B325D0D1E6}"
EndProject
Project("{FAE04EC0-301F-11D3-BF4B-00C04F79EFBC}") = "Catharsium.Math.Geometry.Tests", "Catharsium.Math.Geometry.Tests\Catharsium.Math.Geometry.Tests.csproj", "{A6345A2E-D900-4FAD-A4FE-F55CA7E01DB7}"
EndProject
Project("{FAE04EC0-301F-11D3-BF4B-00C04F79EFBC}") = "Catharsium.Math.MultiplicativePersistance", "Catharsium.Math.MultiplicativePersistance\Catharsium.Math.MultiplicativePersistance.csproj", "{BC487F9E-A1C4-40FF-B5CC-A1BC203E1112}"
EndProject
Project("{FAE04EC0-301F-11D3-BF4B-00C04F79EFBC}") = "Catharsium.Math.MultiplicativePersistance.Tests", "Catharsium.Math.MultiplicativePersistance.Tests\Catharsium.Math.MultiplicativePersistance.Tests.csproj", "{9DCB5531-D4B0-4279-8711-C4DF80D57D1B}"
EndProject
Project("{FAE04EC0-301F-11D3-BF4B-00C04F79EFBC}") = "Catharsium.Math.Graphs", "Catharsium.Math.Graphs\Catharsium.Math.Graphs.csproj", "{07BA1C79-F5AF-4707-9246-A00AB69599CC}"
EndProject
Project("{FAE04EC0-301F-11D3-BF4B-00C04F79EFBC}") = "Catharsium.Math.Graphs.Tests", "Catharsium.Math.Graphs.Tests\Catharsium.Math.Graphs.Tests.csproj", "{4E3D4644-4B4E-4A4F-8D5D-9D028C710017}"
EndProject
Global
	GlobalSection(SolutionConfigurationPlatforms) = preSolution
		Debug|Any CPU = Debug|Any CPU
		Release|Any CPU = Release|Any CPU
	EndGlobalSection
	GlobalSection(ProjectConfigurationPlatforms) = postSolution
		{1CABB828-ED4F-45F2-B15D-794A6D2AC46B}.Debug|Any CPU.ActiveCfg = Debug|Any CPU
		{1CABB828-ED4F-45F2-B15D-794A6D2AC46B}.Debug|Any CPU.Build.0 = Debug|Any CPU
		{1CABB828-ED4F-45F2-B15D-794A6D2AC46B}.Release|Any CPU.ActiveCfg = Release|Any CPU
		{1CABB828-ED4F-45F2-B15D-794A6D2AC46B}.Release|Any CPU.Build.0 = Release|Any CPU
		{34216D34-35BC-45CD-99C2-AD355FE16B66}.Debug|Any CPU.ActiveCfg = Debug|Any CPU
		{34216D34-35BC-45CD-99C2-AD355FE16B66}.Debug|Any CPU.Build.0 = Debug|Any CPU
		{34216D34-35BC-45CD-99C2-AD355FE16B66}.Release|Any CPU.ActiveCfg = Release|Any CPU
		{34216D34-35BC-45CD-99C2-AD355FE16B66}.Release|Any CPU.Build.0 = Release|Any CPU
		{B6012633-943D-4A44-9F28-61B325D0D1E6}.Debug|Any CPU.ActiveCfg = Debug|Any CPU
		{B6012633-943D-4A44-9F28-61B325D0D1E6}.Debug|Any CPU.Build.0 = Debug|Any CPU
		{B6012633-943D-4A44-9F28-61B325D0D1E6}.Release|Any CPU.ActiveCfg = Release|Any CPU
		{B6012633-943D-4A44-9F28-61B325D0D1E6}.Release|Any CPU.Build.0 = Release|Any CPU
		{A6345A2E-D900-4FAD-A4FE-F55CA7E01DB7}.Debug|Any CPU.ActiveCfg = Debug|Any CPU
		{A6345A2E-D900-4FAD-A4FE-F55CA7E01DB7}.Debug|Any CPU.Build.0 = Debug|Any CPU
		{A6345A2E-D900-4FAD-A4FE-F55CA7E01DB7}.Release|Any CPU.ActiveCfg = Release|Any CPU
		{A6345A2E-D900-4FAD-A4FE-F55CA7E01DB7}.Release|Any CPU.Build.0 = Release|Any CPU
		{BC487F9E-A1C4-40FF-B5CC-A1BC203E1112}.Debug|Any CPU.ActiveCfg = Debug|Any CPU
		{BC487F9E-A1C4-40FF-B5CC-A1BC203E1112}.Debug|Any CPU.Build.0 = Debug|Any CPU
		{BC487F9E-A1C4-40FF-B5CC-A1BC203E1112}.Release|Any CPU.ActiveCfg = Release|Any CPU
		{BC487F9E-A1C4-40FF-B5CC-A1BC203E1112}.Release|Any CPU.Build.0 = Release|Any CPU
		{9DCB5531-D4B0-4279-8711-C4DF80D57D1B}.Debug|Any CPU.ActiveCfg = Debug|Any CPU
		{9DCB5531-D4B0-4279-8711-C4DF80D57D1B}.Debug|Any CPU.Build.0 = Debug|Any CPU
		{9DCB5531-D4B0-4279-8711-C4DF80D57D1B}.Release|Any CPU.ActiveCfg = Release|Any CPU
		{9DCB5531-D4B0-4279-8711-C4DF80D57D1B}.Release|Any CPU.Build.0 = Release|Any CPU
		{07BA1C79-F5AF-4707-9246-A00AB69599CC}.Debug|Any CPU.ActiveCfg = Debug|Any CPU
		{07BA1C79-F5AF-4707-9246-A00AB69599CC}.Debug|Any CPU.Build.0 = Debug|Any CPU
		{07BA1C79-F5AF-4707-9246-A00AB69599CC}.Release|Any CPU.ActiveCfg = Release|Any CPU
		{07BA1C79-F5AF-4707-9246-A00AB69599CC}.Release|Any CPU.Build.0 = Release|Any CPU
		{4E3D4644-4B4E-4A4F-8D5D-9D028C710017}.Debug|Any CPU.ActiveCfg = Debug|Any CPU
		{4E3D4644-4B4E-4A4F-8D5D-9D028C710017}.Debug|Any CPU.Build.0 = Debug|Any CPU
		{4E3D4644-4B4E-4A4F-8D5D-9D028C710017}.Release|Any CPU.ActiveCfg = Release|Any CPU
		{4E3D4644-4B4E-4A4F-8D5D-9D028C710017}.Release|Any CPU.Build.0 = Release|Any CPU
	EndGlobalSection
	GlobalSection(SolutionProperties) = preSolution
		HideSolutionNode = FALSE
	EndGlobalSection
	GlobalSection(ExtensibilityGlobals) = postSolution
		SolutionGuid = {0D1651AB-6C6C-4190-B707-EC6B9B93C5AC}
	EndGlobalSection
EndGlobal
